// !$*UTF8*$!
{
	archiveVersion = 1;
	classes = {
	};
	objectVersion = 56;
	objects = {

/* Begin PBXBuildFile section */
		45346F3529139366006D7F5C /* AppDelegate.swift in Sources */ = {isa = PBXBuildFile; fileRef = 45346F3429139366006D7F5C /* AppDelegate.swift */; };
		45346F3729139366006D7F5C /* SceneDelegate.swift in Sources */ = {isa = PBXBuildFile; fileRef = 45346F3629139366006D7F5C /* SceneDelegate.swift */; };
		45346F3929139366006D7F5C /* ViewController.swift in Sources */ = {isa = PBXBuildFile; fileRef = 45346F3829139366006D7F5C /* ViewController.swift */; };
		45346F3C29139366006D7F5C /* Main.storyboard in Resources */ = {isa = PBXBuildFile; fileRef = 45346F3A29139366006D7F5C /* Main.storyboard */; };
		45346F3E29139367006D7F5C /* Assets.xcassets in Resources */ = {isa = PBXBuildFile; fileRef = 45346F3D29139367006D7F5C /* Assets.xcassets */; };
		45346F4129139367006D7F5C /* LaunchScreen.storyboard in Resources */ = {isa = PBXBuildFile; fileRef = 45346F3F29139367006D7F5C /* LaunchScreen.storyboard */; };
		45346F4929139441006D7F5C /* Book.swift in Sources */ = {isa = PBXBuildFile; fileRef = 45346F4829139441006D7F5C /* Book.swift */; };
		45346F4C29139535006D7F5C /* Alamofire in Frameworks */ = {isa = PBXBuildFile; productRef = 45346F4B29139535006D7F5C /* Alamofire */; };
		45346F4F29139638006D7F5C /* Kingfisher in Frameworks */ = {isa = PBXBuildFile; productRef = 45346F4E29139638006D7F5C /* Kingfisher */; };
		45346F522913969E006D7F5C /* ProgressHUD in Frameworks */ = {isa = PBXBuildFile; productRef = 45346F512913969E006D7F5C /* ProgressHUD */; };
		45346F54291396BA006D7F5C /* MainTableViewController.swift in Sources */ = {isa = PBXBuildFile; fileRef = 45346F53291396BA006D7F5C /* MainTableViewController.swift */; };
		45346F562913A6D9006D7F5C /* bookCell.swift in Sources */ = {isa = PBXBuildFile; fileRef = 45346F552913A6D9006D7F5C /* bookCell.swift */; };
/* End PBXBuildFile section */

/* Begin PBXFileReference section */
		45346F3129139366006D7F5C /* BookFinderWithAlamoFire.app */ = {isa = PBXFileReference; explicitFileType = wrapper.application; includeInIndex = 0; path = BookFinderWithAlamoFire.app; sourceTree = BUILT_PRODUCTS_DIR; };
		45346F3429139366006D7F5C /* AppDelegate.swift */ = {isa = PBXFileReference; lastKnownFileType = sourcecode.swift; path = AppDelegate.swift; sourceTree = "<group>"; };
		45346F3629139366006D7F5C /* SceneDelegate.swift */ = {isa = PBXFileReference; lastKnownFileType = sourcecode.swift; path = SceneDelegate.swift; sourceTree = "<group>"; };
		45346F3829139366006D7F5C /* ViewController.swift */ = {isa = PBXFileReference; lastKnownFileType = sourcecode.swift; path = ViewController.swift; sourceTree = "<group>"; };
		45346F3B29139366006D7F5C /* Base */ = {isa = PBXFileReference; lastKnownFileType = file.storyboard; name = Base; path = Base.lproj/Main.storyboard; sourceTree = "<group>"; };
		45346F3D29139367006D7F5C /* Assets.xcassets */ = {isa = PBXFileReference; lastKnownFileType = folder.assetcatalog; path = Assets.xcassets; sourceTree = "<group>"; };
		45346F4029139367006D7F5C /* Base */ = {isa = PBXFileReference; lastKnownFileType = file.storyboard; name = Base; path = Base.lproj/LaunchScreen.storyboard; sourceTree = "<group>"; };
		45346F4229139367006D7F5C /* Info.plist */ = {isa = PBXFileReference; lastKnownFileType = text.plist.xml; path = Info.plist; sourceTree = "<group>"; };
		45346F4829139441006D7F5C /* Book.swift */ = {isa = PBXFileReference; fileEncoding = 4; lastKnownFileType = sourcecode.swift; path = Book.swift; sourceTree = "<group>"; };
		45346F53291396BA006D7F5C /* MainTableViewController.swift */ = {isa = PBXFileReference; lastKnownFileType = sourcecode.swift; path = MainTableViewController.swift; sourceTree = "<group>"; };
		45346F552913A6D9006D7F5C /* bookCell.swift */ = {isa = PBXFileReference; lastKnownFileType = sourcecode.swift; path = bookCell.swift; sourceTree = "<group>"; };
/* End PBXFileReference section */

/* Begin PBXFrameworksBuildPhase section */
		45346F2E29139366006D7F5C /* Frameworks */ = {
			isa = PBXFrameworksBuildPhase;
			buildActionMask = 2147483647;
			files = (
				45346F522913969E006D7F5C /* ProgressHUD in Frameworks */,
				45346F4F29139638006D7F5C /* Kingfisher in Frameworks */,
				45346F4C29139535006D7F5C /* Alamofire in Frameworks */,
			);
			runOnlyForDeploymentPostprocessing = 0;
		};
/* End PBXFrameworksBuildPhase section */

/* Begin PBXGroup section */
		45346F2829139366006D7F5C = {
			isa = PBXGroup;
			children = (
				45346F3329139366006D7F5C /* BookFinderWithAlamoFire */,
				45346F3229139366006D7F5C /* Products */,
			);
			sourceTree = "<group>";
		};
		45346F3229139366006D7F5C /* Products */ = {
			isa = PBXGroup;
			children = (
				45346F3129139366006D7F5C /* BookFinderWithAlamoFire.app */,
			);
			name = Products;
			sourceTree = "<group>";
		};
		45346F3329139366006D7F5C /* BookFinderWithAlamoFire */ = {
			isa = PBXGroup;
			children = (
				45346F3429139366006D7F5C /* AppDelegate.swift */,
				45346F3D29139367006D7F5C /* Assets.xcassets */,
				45346F4829139441006D7F5C /* Book.swift */,
				45346F53291396BA006D7F5C /* MainTableViewController.swift */,
				45346F552913A6D9006D7F5C /* bookCell.swift */,
				45346F4229139367006D7F5C /* Info.plist */,
				45346F3F29139367006D7F5C /* LaunchScreen.storyboard */,
				45346F3A29139366006D7F5C /* Main.storyboard */,
				45346F3629139366006D7F5C /* SceneDelegate.swift */,
				45346F3829139366006D7F5C /* ViewController.swift */,
			);
			path = BookFinderWithAlamoFire;
			sourceTree = "<group>";
		};
/* End PBXGroup section */

/* Begin PBXNativeTarget section */
		45346F3029139366006D7F5C /* BookFinderWithAlamoFire */ = {
			isa = PBXNativeTarget;
			buildConfigurationList = 45346F4529139367006D7F5C /* Build configuration list for PBXNativeTarget "BookFinderWithAlamoFire" */;
			buildPhases = (
				45346F2D29139366006D7F5C /* Sources */,
				45346F2E29139366006D7F5C /* Frameworks */,
				45346F2F29139366006D7F5C /* Resources */,
			);
			buildRules = (
			);
			dependencies = (
			);
			name = BookFinderWithAlamoFire;
			packageProductDependencies = (
				45346F4B29139535006D7F5C /* Alamofire */,
				45346F4E29139638006D7F5C /* Kingfisher */,
				45346F512913969E006D7F5C /* ProgressHUD */,
			);
			productName = BookFinderWithAlamoFire;
			productReference = 45346F3129139366006D7F5C /* BookFinderWithAlamoFire.app */;
			productType = "com.apple.product-type.application";
		};
/* End PBXNativeTarget section */

/* Begin PBXProject section */
		45346F2929139366006D7F5C /* Project object */ = {
			isa = PBXProject;
			attributes = {
				BuildIndependentTargetsInParallel = 1;
				LastSwiftUpdateCheck = 1400;
				LastUpgradeCheck = 1400;
				TargetAttributes = {
					45346F3029139366006D7F5C = {
						CreatedOnToolsVersion = 14.0.1;
					};
				};
			};
			buildConfigurationList = 45346F2C29139366006D7F5C /* Build configuration list for PBXProject "BookFinderWithAlamoFire" */;
			compatibilityVersion = "Xcode 14.0";
			developmentRegion = en;
			hasScannedForEncodings = 0;
			knownRegions = (
				en,
				Base,
			);
			mainGroup = 45346F2829139366006D7F5C;
			packageReferences = (
				45346F4A29139535006D7F5C /* XCRemoteSwiftPackageReference "Alamofire" */,
				45346F4D29139638006D7F5C /* XCRemoteSwiftPackageReference "Kingfisher" */,
				45346F502913969E006D7F5C /* XCRemoteSwiftPackageReference "ProgressHUD" */,
			);
			productRefGroup = 45346F3229139366006D7F5C /* Products */;
			projectDirPath = "";
			projectRoot = "";
			targets = (
				45346F3029139366006D7F5C /* BookFinderWithAlamoFire */,
			);
		};
/* End PBXProject section */

/* Begin PBXResourcesBuildPhase section */
		45346F2F29139366006D7F5C /* Resources */ = {
			isa = PBXResourcesBuildPhase;
			buildActionMask = 2147483647;
			files = (
				45346F4129139367006D7F5C /* LaunchScreen.storyboard in Resources */,
				45346F3E29139367006D7F5C /* Assets.xcassets in Resources */,
				45346F3C29139366006D7F5C /* Main.storyboard in Resources */,
			);
			runOnlyForDeploymentPostprocessing = 0;
		};
/* End PBXResourcesBuildPhase section */

/* Begin PBXSourcesBuildPhase section */
		45346F2D29139366006D7F5C /* Sources */ = {
			isa = PBXSourcesBuildPhase;
			buildActionMask = 2147483647;
			files = (
				45346F4929139441006D7F5C /* Book.swift in Sources */,
				45346F3929139366006D7F5C /* ViewController.swift in Sources */,
				45346F562913A6D9006D7F5C /* bookCell.swift in Sources */,
				45346F3529139366006D7F5C /* AppDelegate.swift in Sources */,
				45346F54291396BA006D7F5C /* MainTableViewController.swift in Sources */,
				45346F3729139366006D7F5C /* SceneDelegate.swift in Sources */,
			);
			runOnlyForDeploymentPostprocessing = 0;
		};
/* End PBXSourcesBuildPhase section */

/* Begin PBXVariantGroup section */
		45346F3A29139366006D7F5C /* Main.storyboard */ = {
			isa = PBXVariantGroup;
			children = (
				45346F3B29139366006D7F5C /* Base */,
			);
			name = Main.storyboard;
			sourceTree = "<group>";
		};
		45346F3F29139367006D7F5C /* LaunchScreen.storyboard */ = {
			isa = PBXVariantGroup;
			children = (
				45346F4029139367006D7F5C /* Base */,
			);
			name = LaunchScreen.storyboard;
			sourceTree = "<group>";
		};
/* End PBXVariantGroup section */

/* Begin XCBuildConfiguration section */
		45346F4329139367006D7F5C /* Debug */ = {
			isa = XCBuildConfiguration;
			buildSettings = {
				ALWAYS_SEARCH_USER_PATHS = NO;
				CLANG_ANALYZER_NONNULL = YES;
				CLANG_ANALYZER_NUMBER_OBJECT_CONVERSION = YES_AGGRESSIVE;
				CLANG_CXX_LANGUAGE_STANDARD = "gnu++20";
				CLANG_ENABLE_MODULES = YES;
				CLANG_ENABLE_OBJC_ARC = YES;
				CLANG_ENABLE_OBJC_WEAK = YES;
				CLANG_WARN_BLOCK_CAPTURE_AUTORELEASING = YES;
				CLANG_WARN_BOOL_CONVERSION = YES;
				CLANG_WARN_COMMA = YES;
				CLANG_WARN_CONSTANT_CONVERSION = YES;
				CLANG_WARN_DEPRECATED_OBJC_IMPLEMENTATIONS = YES;
				CLANG_WARN_DIRECT_OBJC_ISA_USAGE = YES_ERROR;
				CLANG_WARN_DOCUMENTATION_COMMENTS = YES;
				CLANG_WARN_EMPTY_BODY = YES;
				CLANG_WARN_ENUM_CONVERSION = YES;
				CLANG_WARN_INFINITE_RECURSION = YES;
				CLANG_WARN_INT_CONVERSION = YES;
				CLANG_WARN_NON_LITERAL_NULL_CONVERSION = YES;
				CLANG_WARN_OBJC_IMPLICIT_RETAIN_SELF = YES;
				CLANG_WARN_OBJC_LITERAL_CONVERSION = YES;
				CLANG_WARN_OBJC_ROOT_CLASS = YES_ERROR;
				CLANG_WARN_QUOTED_INCLUDE_IN_FRAMEWORK_HEADER = YES;
				CLANG_WARN_RANGE_LOOP_ANALYSIS = YES;
				CLANG_WARN_STRICT_PROTOTYPES = YES;
				CLANG_WARN_SUSPICIOUS_MOVE = YES;
				CLANG_WARN_UNGUARDED_AVAILABILITY = YES_AGGRESSIVE;
				CLANG_WARN_UNREACHABLE_CODE = YES;
				CLANG_WARN__DUPLICATE_METHOD_MATCH = YES;
				COPY_PHASE_STRIP = NO;
				DEBUG_INFORMATION_FORMAT = dwarf;
				ENABLE_STRICT_OBJC_MSGSEND = YES;
				ENABLE_TESTABILITY = YES;
				GCC_C_LANGUAGE_STANDARD = gnu11;
				GCC_DYNAMIC_NO_PIC = NO;
				GCC_NO_COMMON_BLOCKS = YES;
				GCC_OPTIMIZATION_LEVEL = 0;
				GCC_PREPROCESSOR_DEFINITIONS = (
					"DEBUG=1",
					"$(inherited)",
				);
				GCC_WARN_64_TO_32_BIT_CONVERSION = YES;
				GCC_WARN_ABOUT_RETURN_TYPE = YES_ERROR;
				GCC_WARN_UNDECLARED_SELECTOR = YES;
				GCC_WARN_UNINITIALIZED_AUTOS = YES_AGGRESSIVE;
				GCC_WARN_UNUSED_FUNCTION = YES;
				GCC_WARN_UNUSED_VARIABLE = YES;
				IPHONEOS_DEPLOYMENT_TARGET = 16.0;
				MTL_ENABLE_DEBUG_INFO = INCLUDE_SOURCE;
				MTL_FAST_MATH = YES;
				ONLY_ACTIVE_ARCH = YES;
				SDKROOT = iphoneos;
				SWIFT_ACTIVE_COMPILATION_CONDITIONS = DEBUG;
				SWIFT_OPTIMIZATION_LEVEL = "-Onone";
			};
			name = Debug;
		};
		45346F4429139367006D7F5C /* Release */ = {
			isa = XCBuildConfiguration;
			buildSettings = {
				ALWAYS_SEARCH_USER_PATHS = NO;
				CLANG_ANALYZER_NONNULL = YES;
				CLANG_ANALYZER_NUMBER_OBJECT_CONVERSION = YES_AGGRESSIVE;
				CLANG_CXX_LANGUAGE_STANDARD = "gnu++20";
				CLANG_ENABLE_MODULES = YES;
				CLANG_ENABLE_OBJC_ARC = YES;
				CLANG_ENABLE_OBJC_WEAK = YES;
				CLANG_WARN_BLOCK_CAPTURE_AUTORELEASING = YES;
				CLANG_WARN_BOOL_CONVERSION = YES;
				CLANG_WARN_COMMA = YES;
				CLANG_WARN_CONSTANT_CONVERSION = YES;
				CLANG_WARN_DEPRECATED_OBJC_IMPLEMENTATIONS = YES;
				CLANG_WARN_DIRECT_OBJC_ISA_USAGE = YES_ERROR;
				CLANG_WARN_DOCUMENTATION_COMMENTS = YES;
				CLANG_WARN_EMPTY_BODY = YES;
				CLANG_WARN_ENUM_CONVERSION = YES;
				CLANG_WARN_INFINITE_RECURSION = YES;
				CLANG_WARN_INT_CONVERSION = YES;
				CLANG_WARN_NON_LITERAL_NULL_CONVERSION = YES;
				CLANG_WARN_OBJC_IMPLICIT_RETAIN_SELF = YES;
				CLANG_WARN_OBJC_LITERAL_CONVERSION = YES;
				CLANG_WARN_OBJC_ROOT_CLASS = YES_ERROR;
				CLANG_WARN_QUOTED_INCLUDE_IN_FRAMEWORK_HEADER = YES;
				CLANG_WARN_RANGE_LOOP_ANALYSIS = YES;
				CLANG_WARN_STRICT_PROTOTYPES = YES;
				CLANG_WARN_SUSPICIOUS_MOVE = YES;
				CLANG_WARN_UNGUARDED_AVAILABILITY = YES_AGGRESSIVE;
				CLANG_WARN_UNREACHABLE_CODE = YES;
				CLANG_WARN__DUPLICATE_METHOD_MATCH = YES;
				COPY_PHASE_STRIP = NO;
				DEBUG_INFORMATION_FORMAT = "dwarf-with-dsym";
				ENABLE_NS_ASSERTIONS = NO;
				ENABLE_STRICT_OBJC_MSGSEND = YES;
				GCC_C_LANGUAGE_STANDARD = gnu11;
				GCC_NO_COMMON_BLOCKS = YES;
				GCC_WARN_64_TO_32_BIT_CONVERSION = YES;
				GCC_WARN_ABOUT_RETURN_TYPE = YES_ERROR;
				GCC_WARN_UNDECLARED_SELECTOR = YES;
				GCC_WARN_UNINITIALIZED_AUTOS = YES_AGGRESSIVE;
				GCC_WARN_UNUSED_FUNCTION = YES;
				GCC_WARN_UNUSED_VARIABLE = YES;
				IPHONEOS_DEPLOYMENT_TARGET = 16.0;
				MTL_ENABLE_DEBUG_INFO = NO;
				MTL_FAST_MATH = YES;
				SDKROOT = iphoneos;
				SWIFT_COMPILATION_MODE = wholemodule;
				SWIFT_OPTIMIZATION_LEVEL = "-O";
				VALIDATE_PRODUCT = YES;
			};
			name = Release;
		};
		45346F4629139367006D7F5C /* Debug */ = {
			isa = XCBuildConfiguration;
			buildSettings = {
				ASSETCATALOG_COMPILER_APPICON_NAME = AppIcon;
				ASSETCATALOG_COMPILER_GLOBAL_ACCENT_COLOR_NAME = AccentColor;
				CODE_SIGN_STYLE = Automatic;
				CURRENT_PROJECT_VERSION = 1;
				GENERATE_INFOPLIST_FILE = YES;
				INFOPLIST_FILE = BookFinderWithAlamoFire/Info.plist;
				INFOPLIST_KEY_UIApplicationSupportsIndirectInputEvents = YES;
				INFOPLIST_KEY_UILaunchStoryboardName = LaunchScreen;
				INFOPLIST_KEY_UIMainStoryboardFile = Main;
				INFOPLIST_KEY_UISupportedInterfaceOrientations_iPad = "UIInterfaceOrientationPortrait UIInterfaceOrientationPortraitUpsideDown UIInterfaceOrientationLandscapeLeft UIInterfaceOrientationLandscapeRight";
				INFOPLIST_KEY_UISupportedInterfaceOrientations_iPhone = "UIInterfaceOrientationPortrait UIInterfaceOrientationLandscapeLeft UIInterfaceOrientationLandscapeRight";
				LD_RUNPATH_SEARCH_PATHS = (
					"$(inherited)",
					"@executable_path/Frameworks",
				);
				MARKETING_VERSION = 1.0;
				PRODUCT_BUNDLE_IDENTIFIER = womansup2022.khs.BookFinderWithAlamoFire;
				PRODUCT_NAME = "$(TARGET_NAME)";
				SWIFT_EMIT_LOC_STRINGS = YES;
				SWIFT_VERSION = 5.0;
				TARGETED_DEVICE_FAMILY = "1,2";
			};
			name = Debug;
		};
		45346F4729139367006D7F5C /* Release */ = {
			isa = XCBuildConfiguration;
			buildSettings = {
				ASSETCATALOG_COMPILER_APPICON_NAME = AppIcon;
				ASSETCATALOG_COMPILER_GLOBAL_ACCENT_COLOR_NAME = AccentColor;
				CODE_SIGN_STYLE = Automatic;
				CURRENT_PROJECT_VERSION = 1;
				GENERATE_INFOPLIST_FILE = YES;
				INFOPLIST_FILE = BookFinderWithAlamoFire/Info.plist;
				INFOPLIST_KEY_UIApplicationSupportsIndirectInputEvents = YES;
				INFOPLIST_KEY_UILaunchStoryboardName = LaunchScreen;
				INFOPLIST_KEY_UIMainStoryboardFile = Main;
				INFOPLIST_KEY_UISupportedInterfaceOrientations_iPad = "UIInterfaceOrientationPortrait UIInterfaceOrientationPortraitUpsideDown UIInterfaceOrientationLandscapeLeft UIInterfaceOrientationLandscapeRight";
				INFOPLIST_KEY_UISupportedInterfaceOrientations_iPhone = "UIInterfaceOrientationPortrait UIInterfaceOrientationLandscapeLeft UIInterfaceOrientationLandscapeRight";
				LD_RUNPATH_SEARCH_PATHS = (
					"$(inherited)",
					"@executable_path/Frameworks",
				);
				MARKETING_VERSION = 1.0;
				PRODUCT_BUNDLE_IDENTIFIER = womansup2022.khs.BookFinderWithAlamoFire;
				PRODUCT_NAME = "$(TARGET_NAME)";
				SWIFT_EMIT_LOC_STRINGS = YES;
				SWIFT_VERSION = 5.0;
				TARGETED_DEVICE_FAMILY = "1,2";
			};
			name = Release;
		};
/* End XCBuildConfiguration section */

/* Begin XCConfigurationList section */
		45346F2C29139366006D7F5C /* Build configuration list for PBXProject "BookFinderWithAlamoFire" */ = {
			isa = XCConfigurationList;
			buildConfigurations = (
				45346F4329139367006D7F5C /* Debug */,
				45346F4429139367006D7F5C /* Release */,
			);
			defaultConfigurationIsVisible = 0;
			defaultConfigurationName = Release;
		};
		45346F4529139367006D7F5C /* Build configuration list for PBXNativeTarget "BookFinderWithAlamoFire" */ = {
			isa = XCConfigurationList;
			buildConfigurations = (
				45346F4629139367006D7F5C /* Debug */,
				45346F4729139367006D7F5C /* Release */,
			);
			defaultConfigurationIsVisible = 0;
			defaultConfigurationName = Release;
		};
/* End XCConfigurationList section */

/* Begin XCRemoteSwiftPackageReference section */
		45346F4A29139535006D7F5C /* XCRemoteSwiftPackageReference "Alamofire" */ = {
			isa = XCRemoteSwiftPackageReference;
			repositoryURL = "https://github.com/Alamofire/Alamofire.git";
			requirement = {
				kind = upToNextMajorVersion;
				minimumVersion = 5.0.0;
			};
		};
		45346F4D29139638006D7F5C /* XCRemoteSwiftPackageReference "Kingfisher" */ = {
			isa = XCRemoteSwiftPackageReference;
			repositoryURL = "https://github.com/onevcat/Kingfisher.git";
			requirement = {
				kind = upToNextMajorVersion;
				minimumVersion = 7.0.0;
			};
		};
		45346F502913969E006D7F5C /* XCRemoteSwiftPackageReference "ProgressHUD" */ = {
			isa = XCRemoteSwiftPackageReference;
			repositoryURL = "https://github.com/relatedcode/ProgressHUD.git";
			requirement = {
				kind = upToNextMajorVersion;
				minimumVersion = 13.0.0;
			};
		};
/* End XCRemoteSwiftPackageReference section */

/* Begin XCSwiftPackageProductDependency section */
		45346F4B29139535006D7F5C /* Alamofire */ = {
			isa = XCSwiftPackageProductDependency;
			package = 45346F4A29139535006D7F5C /* XCRemoteSwiftPackageReference "Alamofire" */;
			productName = Alamofire;
		};
		45346F4E29139638006D7F5C /* Kingfisher */ = {
			isa = XCSwiftPackageProductDependency;
			package = 45346F4D29139638006D7F5C /* XCRemoteSwiftPackageReference "Kingfisher" */;
			productName = Kingfisher;
		};
		45346F512913969E006D7F5C /* ProgressHUD */ = {
			isa = XCSwiftPackageProductDependency;
			package = 45346F502913969E006D7F5C /* XCRemoteSwiftPackageReference "ProgressHUD" */;
			productName = ProgressHUD;
		};
/* End XCSwiftPackageProductDependency section */
	};
	rootObject = 45346F2929139366006D7F5C /* Project object */;
}
